GEM
  remote: https://rubygems.org/
  specs:
    addressable (2.5.2)
      public_suffix (>= 2.0.2, < 4.0)
    byebug (9.1.0)
    capybara (2.15.4)
      addressable
      mini_mime (>= 0.1.3)
      nokogiri (>= 1.3.3)
      rack (>= 1.0.0)
      rack-test (>= 0.5.4)
      xpath (~> 2.0)
    capybara-screenshot (1.0.18)
      capybara (>= 1.0, < 3)
      launchy
    cliver (0.3.2)
    codeclimate-test-reporter (1.0.8)
      simplecov (<= 0.13)
    coderay (1.1.2)
    commonmarker (0.16.8)
      ruby-enum (~> 0.5)
    concurrent-ruby (1.0.5)
    database_cleaner (1.6.2)
    diff-lcs (1.3)
    docile (1.1.5)
    dry-auto_inject (0.4.4)
      dry-container (>= 0.3.4)
    dry-configurable (0.7.0)
      concurrent-ruby (~> 1.0)
    dry-container (0.6.0)
      concurrent-ruby (~> 1.0)
      dry-configurable (~> 0.1, >= 0.1.3)
    dry-core (0.4.0)
      concurrent-ruby (~> 1.0)
    dry-equalizer (0.2.0)
    dry-initializer (2.3.0)
    dry-logic (0.4.2)
      dry-container (~> 0.2, >= 0.2.6)
      dry-core (~> 0.2)
      dry-equalizer (~> 0.2)
    dry-matcher (0.6.0)
    dry-monads (0.3.1)
      dry-core
      dry-equalizer
    dry-monitor (0.0.3)
      dry-configurable (~> 0.5)
      dry-equalizer (~> 0.2)
      rouge (~> 2.0, >= 2.2.1)
    dry-struct (0.3.1)
      dry-configurable (~> 0.1)
      dry-core (~> 0.3)
      dry-equalizer (~> 0.2)
      dry-types (~> 0.9, >= 0.9.0)
      ice_nine (~> 0.11)
    dry-system (0.8.1)
      concurrent-ruby (~> 1.0)
      dry-auto_inject (>= 0.4.0)
      dry-configurable (~> 0.7, >= 0.7.0)
      dry-container (~> 0.6)
      dry-core (>= 0.3.1)
      dry-equalizer (~> 0.2)
      dry-struct (~> 0.3)
      inflecto (>= 0.0.2)
    dry-transaction (0.10.2)
      dry-container (>= 0.2.8)
      dry-matcher (>= 0.5.0)
      dry-monads (>= 0.0.1)
      wisper (>= 1.6.0)
    dry-types (0.12.1)
      concurrent-ruby (~> 1.0)
      dry-configurable (~> 0.1)
      dry-container (~> 0.3)
      dry-core (~> 0.2, >= 0.2.1)
      dry-equalizer (~> 0.2)
      dry-logic (~> 0.4, >= 0.4.2)
      inflecto (~> 0.0.0, >= 0.0.2)
    dry-validation (0.11.1)
      concurrent-ruby (~> 1.0)
      dry-configurable (~> 0.1, >= 0.1.3)
      dry-core (~> 0.2, >= 0.2.1)
      dry-equalizer (~> 0.2)
      dry-logic (~> 0.4, >= 0.4.0)
      dry-types (~> 0.12.0)
    dry-view (0.4.0)
      dry-configurable (~> 0.1)
      dry-core (~> 0.2)
      dry-equalizer (~> 0.2)
      tilt (~> 2.0)
    dry-web (0.7.1)
      dry-monitor
      dry-system (~> 0.5)
    dry-web-roda (0.9.1)
      dry-configurable (~> 0.2)
      inflecto (~> 0.0)
      roda (~> 2.14)
      roda-flow (~> 0.3)
      thor (~> 0.19)
    faker (1.8.4)
      i18n (~> 0.5)
    i18n (0.9.1)
      concurrent-ruby (~> 1.0)
    ice_nine (0.11.2)
    inflecto (0.0.2)
    json (2.1.0)
    launchy (2.4.3)
      addressable (~> 2.3)
    method_source (0.9.0)
    mini_mime (0.1.4)
    mini_portile2 (2.3.0)
    nokogiri (1.8.1)
      mini_portile2 (~> 2.3.0)
    pg (0.21.0)
    poltergeist (1.16.0)
      capybara (~> 2.1)
      cliver (~> 0.3.1)
      websocket-driver (>= 0.2.0)
    pry (0.11.2)
      coderay (~> 1.1.0)
      method_source (~> 0.9.0)
    pry-byebug (3.5.0)
      byebug (~> 9.1)
      pry (~> 0.10)
    public_suffix (3.0.0)
    puma (3.10.0)
    rack (2.0.3)
    rack-test (0.7.0)
      rack (>= 1.0, < 3)
    rack_csrf (2.6.0)
      rack (>= 1.1.0)
    rake (12.2.1)
    roda (2.29.0)
      rack
    roda-flow (0.3.1)
    rom (4.0.2)
      rom-changeset (~> 1.0, >= 1.0.1)
      rom-core (~> 4.0, >= 4.0.1)
      rom-repository (~> 2.0, >= 2.0.1)
    rom-changeset (1.0.1)
      dry-core (~> 0.3, >= 0.3.1)
      rom-core (~> 4.0)
      transproc (~> 1.0)
    rom-core (4.0.2)
      concurrent-ruby (~> 1.0)
      dry-container (~> 0.6)
      dry-core (~> 0.3)
      dry-equalizer (~> 0.2)
      dry-initializer (~> 2.0)
      dry-types (~> 0.12, >= 0.12.1)
      rom-mapper (~> 1.0, >= 1.0.2)
    rom-factory (0.5.0)
      dry-configurable (~> 0.7)
      dry-core (~> 0.3, >= 0.3.1)
      dry-struct (~> 0.3)
      faker (~> 1.7)
      rom-core (~> 4.0)
    rom-mapper (1.0.2)
      dry-core (~> 0.3, >= 0.3.1)
      dry-equalizer (~> 0.2)
      dry-struct (~> 0.3)
      transproc (~> 1.0)
    rom-repository (2.0.1)
      dry-core (~> 0.3)
      dry-initializer (~> 2.0)
      rom-core (~> 4.0)
    rom-sql (2.2.0)
      dry-core (~> 0.3)
      dry-equalizer (~> 0.2)
      dry-types (~> 0.12, >= 0.12.1)
      rom-core (~> 4.0, >= 4.0.2)
      sequel (>= 4.49)
    rouge (2.2.1)
    rspec (3.7.0)
      rspec-core (~> 3.7.0)
      rspec-expectations (~> 3.7.0)
      rspec-mocks (~> 3.7.0)
    rspec-core (3.7.0)
      rspec-support (~> 3.7.0)
    rspec-expectations (3.7.0)
      diff-lcs (>= 1.2.0, < 2.0)
      rspec-support (~> 3.7.0)
    rspec-mocks (3.7.0)
      diff-lcs (>= 1.2.0, < 2.0)
      rspec-support (~> 3.7.0)
    rspec-support (3.7.0)
    ruby-enum (0.7.1)
      i18n
    sequel (5.2.0)
    shotgun (0.9.2)
      rack (>= 1.0)
    simplecov (0.13.0)
      docile (~> 1.1.0)
      json (>= 1.8, < 3)
      simplecov-html (~> 0.10.0)
    simplecov-html (0.10.2)
    slim (3.0.8)
      temple (>= 0.7.6, < 0.9)
      tilt (>= 1.3.3, < 2.1)
    temple (0.8.0)
    thor (0.20.0)
    tilt (2.0.8)
    time_math2 (0.1.0)
    transproc (1.0.2)
    websocket-driver (0.7.0)
      websocket-extensions (>= 0.1.0)
    websocket-extensions (0.1.2)
    wisper (2.0.0)
    xpath (2.1.0)
      nokogiri (~> 1.3)

PLATFORMS
  ruby

DEPENDENCIES
  capybara (~> 2.15)
  capybara-screenshot (~> 1.0)
  codeclimate-test-reporter (~> 1.0)
  commonmarker (~> 0.16)
  database_cleaner (~> 1.6)
  dry-matcher (~> 0.6)
  dry-monads (~> 0.3)
  dry-struct (~> 0.3)
  dry-system (~> 0.8)
  dry-transaction (~> 0.10)
  dry-types (~> 0.12)
  dry-validation (~> 0.11)
  dry-view (~> 0.4)
  dry-web (~> 0.7)
  dry-web-roda (~> 0.9)
  pg (~> 0.21)
  poltergeist (~> 1.16)
  pry-byebug (~> 3.5)
  puma (~> 3.10)
  rack (~> 2.0)
  rack_csrf (~> 2.6)
  rake
  rom (~> 4.0)
  rom-factory (~> 0.5)
  rom-sql (~> 2.2)
  rspec (~> 3.7)
  shotgun (~> 0.9, >= 0.9.2)
  simplecov (~> 0.13)
  slim (~> 3.0)
  time_math2 (~> 0.1)

BUNDLED WITH
   1.15.4
